{
  "name": "myprogram",
  "version": "1.0.0",
  "lockfileVersion": 2,
  "requires": true,
  "packages": {
    "": {
      "name": "myprogram",
      "version": "1.0.0",
      "license": "ISC",
      "dependencies": {
        "math_functions": "file:../mat"
      }
    },
    "../mat": {
      "version": "1.0.0",
      "license": "ISC"
    },
    "node_modules/math_functions": {
      "resolved": "../mat",
      "link": true
    }
  },
  "dependencies": {
    "math_functions": {
      "version": "file:../mat"
    }
  }
}
